
Microsoft Visual Studio Solution File, Format Version 12.00
# Visual Studio Version 17
VisualStudioVersion = 17.0.32014.148
MinimumVisualStudioVersion = 10.0.40219.1
Project("{FAE04EC0-301F-11D3-BF4B-00C04F79EFBC}") = "F1Project", "F1Project\F1Project.csproj", "{7B941B76-0222-4C45-81F3-12C1BE22984C}"
EndProject
Global
	GlobalSection(SolutionConfigurationPlatforms) = preSolution
		Debug|Any CPU = Debug|Any CPU
		Release|Any CPU = Release|Any CPU
	EndGlobalSection
	GlobalSection(ProjectConfigurationPlatforms) = postSolution
		{7B941B76-0222-4C45-81F3-12C1BE22984C}.Debug|Any CPU.ActiveCfg = Debug|Any CPU
		{7B941B76-0222-4C45-81F3-12C1BE22984C}.Debug|Any CPU.Build.0 = Debug|Any CPU
		{7B941B76-0222-4C45-81F3-12C1BE22984C}.Release|Any CPU.ActiveCfg = Release|Any CPU
		{7B941B76-0222-4C45-81F3-12C1BE22984C}.Release|Any CPU.Build.0 = Release|Any CPU
	EndGlobalSection
	GlobalSection(SolutionProperties) = preSolution
		HideSolutionNode = FALSE
	EndGlobalSection
	GlobalSection(ExtensibilityGlobals) = postSolution
		SolutionGuid = {26A44E25-5CC1-4511-A219-4BD2127EEA27}
	EndGlobalSection
EndGlobal
